// !$*UTF8*$!
{
	archiveVersion = 1;
	classes = {
	};
	objectVersion = 46;
	objects = {

/* Begin PBXBuildFile section */
		F7270B431D95B7D7000C4CA4 /* AppDelegate.swift in Sources */ = {isa = PBXBuildFile; fileRef = F7270B421D95B7D7000C4CA4 /* AppDelegate.swift */; };
		F7270B451D95B7D7000C4CA4 /* ViewController.swift in Sources */ = {isa = PBXBuildFile; fileRef = F7270B441D95B7D7000C4CA4 /* ViewController.swift */; };
		F7270B481D95B7D7000C4CA4 /* Main.storyboard in Resources */ = {isa = PBXBuildFile; fileRef = F7270B461D95B7D7000C4CA4 /* Main.storyboard */; };
		F7270B4A1D95B7D7000C4CA4 /* Assets.xcassets in Resources */ = {isa = PBXBuildFile; fileRef = F7270B491D95B7D7000C4CA4 /* Assets.xcassets */; };
		F7270B4D1D95B7D7000C4CA4 /* LaunchScreen.storyboard in Resources */ = {isa = PBXBuildFile; fileRef = F7270B4B1D95B7D7000C4CA4 /* LaunchScreen.storyboard */; };
		F7270B581D95B7D7000C4CA4 /* BookListTests.swift in Sources */ = {isa = PBXBuildFile; fileRef = F7270B571D95B7D7000C4CA4 /* BookListTests.swift */; };
/* End PBXBuildFile section */

/* Begin PBXContainerItemProxy section */
		F7270B541D95B7D7000C4CA4 /* PBXContainerItemProxy */ = {
			isa = PBXContainerItemProxy;
			containerPortal = F7270B371D95B7D7000C4CA4 /* Project object */;
			proxyType = 1;
			remoteGlobalIDString = F7270B3E1D95B7D7000C4CA4;
			remoteInfo = BookList;
		};
/* End PBXContainerItemProxy section */

/* Begin PBXFileReference section */
		F7270B3F1D95B7D7000C4CA4 /* BookList.app */ = {isa = PBXFileReference; explicitFileType = wrapper.application; includeInIndex = 0; path = BookList.app; sourceTree = BUILT_PRODUCTS_DIR; };
		F7270B421D95B7D7000C4CA4 /* AppDelegate.swift */ = {isa = PBXFileReference; lastKnownFileType = sourcecode.swift; path = AppDelegate.swift; sourceTree = "<group>"; };
		F7270B441D95B7D7000C4CA4 /* ViewController.swift */ = {isa = PBXFileReference; lastKnownFileType = sourcecode.swift; path = ViewController.swift; sourceTree = "<group>"; };
		F7270B471D95B7D7000C4CA4 /* Base */ = {isa = PBXFileReference; lastKnownFileType = file.storyboard; name = Base; path = Base.lproj/Main.storyboard; sourceTree = "<group>"; };
		F7270B491D95B7D7000C4CA4 /* Assets.xcassets */ = {isa = PBXFileReference; lastKnownFileType = folder.assetcatalog; path = Assets.xcassets; sourceTree = "<group>"; };
		F7270B4C1D95B7D7000C4CA4 /* Base */ = {isa = PBXFileReference; lastKnownFileType = file.storyboard; name = Base; path = Base.lproj/LaunchScreen.storyboard; sourceTree = "<group>"; };
		F7270B4E1D95B7D7000C4CA4 /* Info.plist */ = {isa = PBXFileReference; lastKnownFileType = text.plist.xml; path = Info.plist; sourceTree = "<group>"; };
		F7270B531D95B7D7000C4CA4 /* BookListTests.xctest */ = {isa = PBXFileReference; explicitFileType = wrapper.cfbundle; includeInIndex = 0; path = BookListTests.xctest; sourceTree = BUILT_PRODUCTS_DIR; };
		F7270B571D95B7D7000C4CA4 /* BookListTests.swift */ = {isa = PBXFileReference; lastKnownFileType = sourcecode.swift; path = BookListTests.swift; sourceTree = "<group>"; };
		F7270B591D95B7D7000C4CA4 /* Info.plist */ = {isa = PBXFileReference; lastKnownFileType = text.plist.xml; path = Info.plist; sourceTree = "<group>"; };
/* End PBXFileReference section */

/* Begin PBXFrameworksBuildPhase section */
		F7270B3C1D95B7D7000C4CA4 /* Frameworks */ = {
			isa = PBXFrameworksBuildPhase;
			buildActionMask = 2147483647;
			files = (
			);
			runOnlyForDeploymentPostprocessing = 0;
		};
		F7270B501D95B7D7000C4CA4 /* Frameworks */ = {
			isa = PBXFrameworksBuildPhase;
			buildActionMask = 2147483647;
			files = (
			);
			runOnlyForDeploymentPostprocessing = 0;
		};
/* End PBXFrameworksBuildPhase section */

/* Begin PBXGroup section */
		F7270B361D95B7D7000C4CA4 = {
			isa = PBXGroup;
			children = (
				F7270B411D95B7D7000C4CA4 /* BookList */,
				F7270B561D95B7D7000C4CA4 /* BookListTests */,
				F7270B401D95B7D7000C4CA4 /* Products */,
			);
			sourceTree = "<group>";
		};
		F7270B401D95B7D7000C4CA4 /* Products */ = {
			isa = PBXGroup;
			children = (
				F7270B3F1D95B7D7000C4CA4 /* BookList.app */,
				F7270B531D95B7D7000C4CA4 /* BookListTests.xctest */,
			);
			name = Products;
			sourceTree = "<group>";
		};
		F7270B411D95B7D7000C4CA4 /* BookList */ = {
			isa = PBXGroup;
			children = (
				F7270B421D95B7D7000C4CA4 /* AppDelegate.swift */,
				F7270B441D95B7D7000C4CA4 /* ViewController.swift */,
				F7270B461D95B7D7000C4CA4 /* Main.storyboard */,
				F7270B491D95B7D7000C4CA4 /* Assets.xcassets */,
				F7270B4B1D95B7D7000C4CA4 /* LaunchScreen.storyboard */,
				F7270B4E1D95B7D7000C4CA4 /* Info.plist */,
			);
			path = BookList;
			sourceTree = "<group>";
		};
		F7270B561D95B7D7000C4CA4 /* BookListTests */ = {
			isa = PBXGroup;
			children = (
				F7270B571D95B7D7000C4CA4 /* BookListTests.swift */,
				F7270B591D95B7D7000C4CA4 /* Info.plist */,
			);
			path = BookListTests;
			sourceTree = "<group>";
		};
/* End PBXGroup section */

/* Begin PBXNativeTarget section */
		F7270B3E1D95B7D7000C4CA4 /* BookList */ = {
			isa = PBXNativeTarget;
			buildConfigurationList = F7270B5C1D95B7D7000C4CA4 /* Build configuration list for PBXNativeTarget "BookList" */;
			buildPhases = (
				F7270B3B1D95B7D7000C4CA4 /* Sources */,
				F7270B3C1D95B7D7000C4CA4 /* Frameworks */,
				F7270B3D1D95B7D7000C4CA4 /* Resources */,
			);
			buildRules = (
			);
			dependencies = (
			);
			name = BookList;
			productName = BookList;
			productReference = F7270B3F1D95B7D7000C4CA4 /* BookList.app */;
			productType = "com.apple.product-type.application";
		};
		F7270B521D95B7D7000C4CA4 /* BookListTests */ = {
			isa = PBXNativeTarget;
			buildConfigurationList = F7270B5F1D95B7D7000C4CA4 /* Build configuration list for PBXNativeTarget "BookListTests" */;
			buildPhases = (
				F7270B4F1D95B7D7000C4CA4 /* Sources */,
				F7270B501D95B7D7000C4CA4 /* Frameworks */,
				F7270B511D95B7D7000C4CA4 /* Resources */,
			);
			buildRules = (
			);
			dependencies = (
				F7270B551D95B7D7000C4CA4 /* PBXTargetDependency */,
			);
			name = BookListTests;
			productName = BookListTests;
			productReference = F7270B531D95B7D7000C4CA4 /* BookListTests.xctest */;
			productType = "com.apple.product-type.bundle.unit-test";
		};
/* End PBXNativeTarget section */

/* Begin PBXProject section */
		F7270B371D95B7D7000C4CA4 /* Project object */ = {
			isa = PBXProject;
			attributes = {
				LastSwiftUpdateCheck = 0800;
				LastUpgradeCheck = 0800;
				ORGANIZATIONNAME = "Dan Esrey";
				TargetAttributes = {
					F7270B3E1D95B7D7000C4CA4 = {
						CreatedOnToolsVersion = 8.0;
						DevelopmentTeam = 6EFGV8H972;
						ProvisioningStyle = Automatic;
					};
					F7270B521D95B7D7000C4CA4 = {
						CreatedOnToolsVersion = 8.0;
						DevelopmentTeam = 6EFGV8H972;
						ProvisioningStyle = Automatic;
						TestTargetID = F7270B3E1D95B7D7000C4CA4;
					};
				};
			};
			buildConfigurationList = F7270B3A1D95B7D7000C4CA4 /* Build configuration list for PBXProject "BookList" */;
			compatibilityVersion = "Xcode 3.2";
			developmentRegion = English;
			hasScannedForEncodings = 0;
			knownRegions = (
				en,
				Base,
			);
			mainGroup = F7270B361D95B7D7000C4CA4;
			productRefGroup = F7270B401D95B7D7000C4CA4 /* Products */;
			projectDirPath = "";
			projectRoot = "";
			targets = (
				F7270B3E1D95B7D7000C4CA4 /* BookList */,
				F7270B521D95B7D7000C4CA4 /* BookListTests */,
			);
		};
/* End PBXProject section */

/* Begin PBXResourcesBuildPhase section */
		F7270B3D1D95B7D7000C4CA4 /* Resources */ = {
			isa = PBXResourcesBuildPhase;
			buildActionMask = 2147483647;
			files = (
				F7270B4D1D95B7D7000C4CA4 /* LaunchScreen.storyboard in Resources */,
				F7270B4A1D95B7D7000C4CA4 /* Assets.xcassets in Resources */,
				F7270B481D95B7D7000C4CA4 /* Main.storyboard in Resources */,
			);
			runOnlyForDeploymentPostprocessing = 0;
		};
		F7270B511D95B7D7000C4CA4 /* Resources */ = {
			isa = PBXResourcesBuildPhase;
			buildActionMask = 2147483647;
			files = (
			);
			runOnlyForDeploymentPostprocessing = 0;
		};
/* End PBXResourcesBuildPhase section */

/* Begin PBXSourcesBuildPhase section */
		F7270B3B1D95B7D7000C4CA4 /* Sources */ = {
			isa = PBXSourcesBuildPhase;
			buildActionMask = 2147483647;
			files = (
				F7270B451D95B7D7000C4CA4 /* ViewController.swift in Sources */,
				F7270B431D95B7D7000C4CA4 /* AppDelegate.swift in Sources */,
			);
			runOnlyForDeploymentPostprocessing = 0;
		};
		F7270B4F1D95B7D7000C4CA4 /* Sources */ = {
			isa = PBXSourcesBuildPhase;
			buildActionMask = 2147483647;
			files = (
				F7270B581D95B7D7000C4CA4 /* BookListTests.swift in Sources */,
			);
			runOnlyForDeploymentPostprocessing = 0;
		};
/* End PBXSourcesBuildPhase section */

/* Begin PBXTargetDependency section */
		F7270B551D95B7D7000C4CA4 /* PBXTargetDependency */ = {
			isa = PBXTargetDependency;
			target = F7270B3E1D95B7D7000C4CA4 /* BookList */;
			targetProxy = F7270B541D95B7D7000C4CA4 /* PBXContainerItemProxy */;
		};
/* End PBXTargetDependency section */

/* Begin PBXVariantGroup section */
		F7270B461D95B7D7000C4CA4 /* Main.storyboard */ = {
			isa = PBXVariantGroup;
			children = (
				F7270B471D95B7D7000C4CA4 /* Base */,
			);
			name = Main.storyboard;
			sourceTree = "<group>";
		};
		F7270B4B1D95B7D7000C4CA4 /* LaunchScreen.storyboard */ = {
			isa = PBXVariantGroup;
			children = (
				F7270B4C1D95B7D7000C4CA4 /* Base */,
			);
			name = LaunchScreen.storyboard;
			sourceTree = "<group>";
		};
/* End PBXVariantGroup section */

/* Begin XCBuildConfiguration section */
		F7270B5A1D95B7D7000C4CA4 /* Debug */ = {
			isa = XCBuildConfiguration;
			buildSettings = {
				ALWAYS_SEARCH_USER_PATHS = NO;
				CLANG_ANALYZER_NONNULL = YES;
				CLANG_CXX_LANGUAGE_STANDARD = "gnu++0x";
				CLANG_CXX_LIBRARY = "libc++";
				CLANG_ENABLE_MODULES = YES;
				CLANG_ENABLE_OBJC_ARC = YES;
				CLANG_WARN_BOOL_CONVERSION = YES;
				CLANG_WARN_CONSTANT_CONVERSION = YES;
				CLANG_WARN_DIRECT_OBJC_ISA_USAGE = YES_ERROR;
				CLANG_WARN_DOCUMENTATION_COMMENTS = YES;
				CLANG_WARN_EMPTY_BODY = YES;
				CLANG_WARN_ENUM_CONVERSION = YES;
				CLANG_WARN_INFINITE_RECURSION = YES;
				CLANG_WARN_INT_CONVERSION = YES;
				CLANG_WARN_OBJC_ROOT_CLASS = YES_ERROR;
				CLANG_WARN_SUSPICIOUS_MOVES = YES;
				CLANG_WARN_UNREACHABLE_CODE = YES;
				CLANG_WARN__DUPLICATE_METHOD_MATCH = YES;
				"CODE_SIGN_IDENTITY[sdk=iphoneos*]" = "iPhone Developer";
				COPY_PHASE_STRIP = NO;
				DEBUG_INFORMATION_FORMAT = dwarf;
				ENABLE_STRICT_OBJC_MSGSEND = YES;
				ENABLE_TESTABILITY = YES;
				GCC_C_LANGUAGE_STANDARD = gnu99;
				GCC_DYNAMIC_NO_PIC = NO;
				GCC_NO_COMMON_BLOCKS = YES;
				GCC_OPTIMIZATION_LEVEL = 0;
				GCC_PREPROCESSOR_DEFINITIONS = (
					"DEBUG=1",
					"$(inherited)",
				);
				GCC_WARN_64_TO_32_BIT_CONVERSION = YES;
				GCC_WARN_ABOUT_RETURN_TYPE = YES_ERROR;
				GCC_WARN_UNDECLARED_SELECTOR = YES;
				GCC_WARN_UNINITIALIZED_AUTOS = YES_AGGRESSIVE;
				GCC_WARN_UNUSED_FUNCTION = YES;
				GCC_WARN_UNUSED_VARIABLE = YES;
				IPHONEOS_DEPLOYMENT_TARGET = 10.0;
				MTL_ENABLE_DEBUG_INFO = YES;
				ONLY_ACTIVE_ARCH = YES;
				SDKROOT = iphoneos;
				SWIFT_ACTIVE_COMPILATION_CONDITIONS = DEBUG;
				SWIFT_OPTIMIZATION_LEVEL = "-Onone";
			};
			name = Debug;
		};
		F7270B5B1D95B7D7000C4CA4 /* Release */ = {
			isa = XCBuildConfiguration;
			buildSettings = {
				ALWAYS_SEARCH_USER_PATHS = NO;
				CLANG_ANALYZER_NONNULL = YES;
				CLANG_CXX_LANGUAGE_STANDARD = "gnu++0x";
				CLANG_CXX_LIBRARY = "libc++";
				CLANG_ENABLE_MODULES = YES;
				CLANG_ENABLE_OBJC_ARC = YES;
				CLANG_WARN_BOOL_CONVERSION = YES;
				CLANG_WARN_CONSTANT_CONVERSION = YES;
				CLANG_WARN_DIRECT_OBJC_ISA_USAGE = YES_ERROR;
				CLANG_WARN_DOCUMENTATION_COMMENTS = YES;
				CLANG_WARN_EMPTY_BODY = YES;
				CLANG_WARN_ENUM_CONVERSION = YES;
				CLANG_WARN_INFINITE_RECURSION = YES;
				CLANG_WARN_INT_CONVERSION = YES;
				CLANG_WARN_OBJC_ROOT_CLASS = YES_ERROR;
				CLANG_WARN_SUSPICIOUS_MOVES = YES;
				CLANG_WARN_UNREACHABLE_CODE = YES;
				CLANG_WARN__DUPLICATE_METHOD_MATCH = YES;
				"CODE_SIGN_IDENTITY[sdk=iphoneos*]" = "iPhone Developer";
				COPY_PHASE_STRIP = NO;
				DEBUG_INFORMATION_FORMAT = "dwarf-with-dsym";
				ENABLE_NS_ASSERTIONS = NO;
				ENABLE_STRICT_OBJC_MSGSEND = YES;
				GCC_C_LANGUAGE_STANDARD = gnu99;
				GCC_NO_COMMON_BLOCKS = YES;
				GCC_WARN_64_TO_32_BIT_CONVERSION = YES;
				GCC_WARN_ABOUT_RETURN_TYPE = YES_ERROR;
				GCC_WARN_UNDECLARED_SELECTOR = YES;
				GCC_WARN_UNINITIALIZED_AUTOS = YES_AGGRESSIVE;
				GCC_WARN_UNUSED_FUNCTION = YES;
				GCC_WARN_UNUSED_VARIABLE = YES;
				IPHONEOS_DEPLOYMENT_TARGET = 10.0;
				MTL_ENABLE_DEBUG_INFO = NO;
				SDKROOT = iphoneos;
				SWIFT_OPTIMIZATION_LEVEL = "-Owholemodule";
				VALIDATE_PRODUCT = YES;
			};
			name = Release;
		};
		F7270B5D1D95B7D7000C4CA4 /* Debug */ = {
			isa = XCBuildConfiguration;
			buildSettings = {
				ASSETCATALOG_COMPILER_APPICON_NAME = AppIcon;
				DEVELOPMENT_TEAM = 6EFGV8H972;
				INFOPLIST_FILE = BookList/Info.plist;
				LD_RUNPATH_SEARCH_PATHS = "$(inherited) @executable_path/Frameworks";
				PRODUCT_BUNDLE_IDENTIFIER = com.greybeard.BookList;
				PRODUCT_NAME = "$(TARGET_NAME)";
				SWIFT_VERSION = 3.0;
			};
			name = Debug;
		};
		F7270B5E1D95B7D7000C4CA4 /* Release */ = {
			isa = XCBuildConfiguration;
			buildSettings = {
				ASSETCATALOG_COMPILER_APPICON_NAME = AppIcon;
				DEVELOPMENT_TEAM = 6EFGV8H972;
				INFOPLIST_FILE = BookList/Info.plist;
				LD_RUNPATH_SEARCH_PATHS = "$(inherited) @executable_path/Frameworks";
				PRODUCT_BUNDLE_IDENTIFIER = com.greybeard.BookList;
				PRODUCT_NAME = "$(TARGET_NAME)";
				SWIFT_VERSION = 3.0;
			};
			name = Release;
		};
		F7270B601D95B7D7000C4CA4 /* Debug */ = {
			isa = XCBuildConfiguration;
			buildSettings = {
				ALWAYS_EMBED_SWIFT_STANDARD_LIBRARIES = YES;
				BUNDLE_LOADER = "$(TEST_HOST)";
				DEVELOPMENT_TEAM = 6EFGV8H972;
				INFOPLIST_FILE = BookListTests/Info.plist;
				LD_RUNPATH_SEARCH_PATHS = "$(inherited) @executable_path/Frameworks @loader_path/Frameworks";
				PRODUCT_BUNDLE_IDENTIFIER = com.greybeard.BookListTests;
				PRODUCT_NAME = "$(TARGET_NAME)";
				SWIFT_VERSION = 3.0;
				TEST_HOST = "$(BUILT_PRODUCTS_DIR)/BookList.app/BookList";
			};
			name = Debug;
		};
		F7270B611D95B7D7000C4CA4 /* Release */ = {
			isa = XCBuildConfiguration;
			buildSettings = {
				ALWAYS_EMBED_SWIFT_STANDARD_LIBRARIES = YES;
				BUNDLE_LOADER = "$(TEST_HOST)";
				DEVELOPMENT_TEAM = 6EFGV8H972;
				INFOPLIST_FILE = BookListTests/Info.plist;
				LD_RUNPATH_SEARCH_PATHS = "$(inherited) @executable_path/Frameworks @loader_path/Frameworks";
				PRODUCT_BUNDLE_IDENTIFIER = com.greybeard.BookListTests;
				PRODUCT_NAME = "$(TARGET_NAME)";
				SWIFT_VERSION = 3.0;
				TEST_HOST = "$(BUILT_PRODUCTS_DIR)/BookList.app/BookList";
			};
			name = Release;
		};
/* End XCBuildConfiguration section */

/* Begin XCConfigurationList section */
		F7270B3A1D95B7D7000C4CA4 /* Build configuration list for PBXProject "BookList" */ = {
			isa = XCConfigurationList;
			buildConfigurations = (
				F7270B5A1D95B7D7000C4CA4 /* Debug */,
				F7270B5B1D95B7D7000C4CA4 /* Release */,
			);
			defaultConfigurationIsVisible = 0;
			defaultConfigurationName = Release;
		};
		F7270B5C1D95B7D7000C4CA4 /* Build configuration list for PBXNativeTarget "BookList" */ = {
			isa = XCConfigurationList;
			buildConfigurations = (
				F7270B5D1D95B7D7000C4CA4 /* Debug */,
				F7270B5E1D95B7D7000C4CA4 /* Release */,
			);
			defaultConfigurationIsVisible = 0;
		};
		F7270B5F1D95B7D7000C4CA4 /* Build configuration list for PBXNativeTarget "BookListTests" */ = {
			isa = XCConfigurationList;
			buildConfigurations = (
				F7270B601D95B7D7000C4CA4 /* Debug */,
				F7270B611D95B7D7000C4CA4 /* Release */,
			);
			defaultConfigurationIsVisible = 0;
		};
/* End XCConfigurationList section */
	};
	rootObject = F7270B371D95B7D7000C4CA4 /* Project object */;
}
